
Microsoft Visual Studio Solution File, Format Version 12.00
# Visual Studio 15
VisualStudioVersion = 15.0.28010.2046
MinimumVisualStudioVersion = 10.0.40219.1
Project("{FAE04EC0-301F-11D3-BF4B-00C04F79EFBC}") = "View", "View\View.csproj", "{AE9D34B8-E072-4373-A80E-262DB3871704}"
EndProject
Project("{FAE04EC0-301F-11D3-BF4B-00C04F79EFBC}") = "Model", "Model\Model.csproj", "{901CFF5C-27B9-4160-A7E1-3B36A0472606}"
EndProject
Project("{FAE04EC0-301F-11D3-BF4B-00C04F79EFBC}") = "Repositorio", "Repositorio\Repositorio.csproj", "{55D5BBB3-3CC0-43D5-9C56-F48B8B960DB3}"
EndProject
Global
	GlobalSection(SolutionConfigurationPlatforms) = preSolution
		Debug|Any CPU = Debug|Any CPU
		Release|Any CPU = Release|Any CPU
	EndGlobalSection
	GlobalSection(ProjectConfigurationPlatforms) = postSolution
		{AE9D34B8-E072-4373-A80E-262DB3871704}.Debug|Any CPU.ActiveCfg = Debug|Any CPU
		{AE9D34B8-E072-4373-A80E-262DB3871704}.Debug|Any CPU.Build.0 = Debug|Any CPU
		{AE9D34B8-E072-4373-A80E-262DB3871704}.Release|Any CPU.ActiveCfg = Release|Any CPU
		{AE9D34B8-E072-4373-A80E-262DB3871704}.Release|Any CPU.Build.0 = Release|Any CPU
		{901CFF5C-27B9-4160-A7E1-3B36A0472606}.Debug|Any CPU.ActiveCfg = Debug|Any CPU
		{901CFF5C-27B9-4160-A7E1-3B36A0472606}.Debug|Any CPU.Build.0 = Debug|Any CPU
		{901CFF5C-27B9-4160-A7E1-3B36A0472606}.Release|Any CPU.ActiveCfg = Release|Any CPU
		{901CFF5C-27B9-4160-A7E1-3B36A0472606}.Release|Any CPU.Build.0 = Release|Any CPU
		{55D5BBB3-3CC0-43D5-9C56-F48B8B960DB3}.Debug|Any CPU.ActiveCfg = Debug|Any CPU
		{55D5BBB3-3CC0-43D5-9C56-F48B8B960DB3}.Debug|Any CPU.Build.0 = Debug|Any CPU
		{55D5BBB3-3CC0-43D5-9C56-F48B8B960DB3}.Release|Any CPU.ActiveCfg = Release|Any CPU
		{55D5BBB3-3CC0-43D5-9C56-F48B8B960DB3}.Release|Any CPU.Build.0 = Release|Any CPU
	EndGlobalSection
	GlobalSection(SolutionProperties) = preSolution
		HideSolutionNode = FALSE
	EndGlobalSection
	GlobalSection(ExtensibilityGlobals) = postSolution
		SolutionGuid = {D2898B11-94CF-4378-97FC-C3769ECF3222}
	EndGlobalSection
EndGlobal
